// !$*UTF8*$!
{
	archiveVersion = 1;
	classes = {
	};
	objectVersion = 55;
	objects = {

/* Begin PBXBuildFile section */
		1621D359275907DB009E8F86 /* ListGridView.swift in Sources */ = {isa = PBXBuildFile; fileRef = 1621D358275907DB009E8F86 /* ListGridView.swift */; };
		1621D35B275A498B009E8F86 /* ListGridItemCell.swift in Sources */ = {isa = PBXBuildFile; fileRef = 1621D35A275A498B009E8F86 /* ListGridItemCell.swift */; };
		167AB9EC27565B2A00BCB3F8 /* TabCell.swift in Sources */ = {isa = PBXBuildFile; fileRef = 167AB9EB27565B2A00BCB3F8 /* TabCell.swift */; };
		167AB9F027565CC800BCB3F8 /* ListVC.swift in Sources */ = {isa = PBXBuildFile; fileRef = 167AB9EF27565CC800BCB3F8 /* ListVC.swift */; };
		167AB9F227565F6900BCB3F8 /* ListCell.swift in Sources */ = {isa = PBXBuildFile; fileRef = 167AB9F127565F6900BCB3F8 /* ListCell.swift */; };
		16E3A1622757B52500A36082 /* LIstItemCell.swift in Sources */ = {isa = PBXBuildFile; fileRef = 16E3A1612757B52500A36082 /* LIstItemCell.swift */; };
		9B0919E4273BFC8C00B9A713 /* AppDelegate.swift in Sources */ = {isa = PBXBuildFile; fileRef = 9B0919E3273BFC8C00B9A713 /* AppDelegate.swift */; };
		9B0919E6273BFC8C00B9A713 /* SceneDelegate.swift in Sources */ = {isa = PBXBuildFile; fileRef = 9B0919E5273BFC8C00B9A713 /* SceneDelegate.swift */; };
		9B0919E8273BFC8C00B9A713 /* MainVC.swift in Sources */ = {isa = PBXBuildFile; fileRef = 9B0919E7273BFC8C00B9A713 /* MainVC.swift */; };
		9B0919EB273BFC8C00B9A713 /* Main.storyboard in Resources */ = {isa = PBXBuildFile; fileRef = 9B0919E9273BFC8C00B9A713 /* Main.storyboard */; };
		9B0919ED273BFC8E00B9A713 /* Assets.xcassets in Resources */ = {isa = PBXBuildFile; fileRef = 9B0919EC273BFC8E00B9A713 /* Assets.xcassets */; };
		9B0919F0273BFC8E00B9A713 /* LaunchScreen.storyboard in Resources */ = {isa = PBXBuildFile; fileRef = 9B0919EE273BFC8E00B9A713 /* LaunchScreen.storyboard */; };
		9B5C1C4127429F870036E3EB /* RxBlocking in Frameworks */ = {isa = PBXBuildFile; productRef = 9B5C1C4027429F870036E3EB /* RxBlocking */; };
		9B5C1C4327429F870036E3EB /* RxCocoa in Frameworks */ = {isa = PBXBuildFile; productRef = 9B5C1C4227429F870036E3EB /* RxCocoa */; };
		9B5C1C4527429F870036E3EB /* RxRelay in Frameworks */ = {isa = PBXBuildFile; productRef = 9B5C1C4427429F870036E3EB /* RxRelay */; };
		9B5C1C4727429F870036E3EB /* RxSwift in Frameworks */ = {isa = PBXBuildFile; productRef = 9B5C1C4627429F870036E3EB /* RxSwift */; };
		9B676D09273D452900C3A667 /* Model.swift in Sources */ = {isa = PBXBuildFile; fileRef = 9B676D08273D452900C3A667 /* Model.swift */; };
		9BA502ED273C1B1A000ACBF2 /* Alamofire in Frameworks */ = {isa = PBXBuildFile; productRef = 9BA502EC273C1B1A000ACBF2 /* Alamofire */; };
		9BB2991D2743DBB3003F4379 /* TabVC.swift in Sources */ = {isa = PBXBuildFile; fileRef = 9BB2991C2743DBB3003F4379 /* TabVC.swift */; };
/* End PBXBuildFile section */

/* Begin PBXFileReference section */
		1621D358275907DB009E8F86 /* ListGridView.swift */ = {isa = PBXFileReference; lastKnownFileType = sourcecode.swift; path = ListGridView.swift; sourceTree = "<group>"; };
		1621D35A275A498B009E8F86 /* ListGridItemCell.swift */ = {isa = PBXFileReference; lastKnownFileType = sourcecode.swift; path = ListGridItemCell.swift; sourceTree = "<group>"; };
		167AB9EB27565B2A00BCB3F8 /* TabCell.swift */ = {isa = PBXFileReference; lastKnownFileType = sourcecode.swift; path = TabCell.swift; sourceTree = "<group>"; };
		167AB9EF27565CC800BCB3F8 /* ListVC.swift */ = {isa = PBXFileReference; lastKnownFileType = sourcecode.swift; path = ListVC.swift; sourceTree = "<group>"; };
		167AB9F127565F6900BCB3F8 /* ListCell.swift */ = {isa = PBXFileReference; lastKnownFileType = sourcecode.swift; path = ListCell.swift; sourceTree = "<group>"; };
		16E3A1612757B52500A36082 /* LIstItemCell.swift */ = {isa = PBXFileReference; lastKnownFileType = sourcecode.swift; path = LIstItemCell.swift; sourceTree = "<group>"; };
		9B0919E0273BFC8C00B9A713 /* TabList.app */ = {isa = PBXFileReference; explicitFileType = wrapper.application; includeInIndex = 0; path = TabList.app; sourceTree = BUILT_PRODUCTS_DIR; };
		9B0919E3273BFC8C00B9A713 /* AppDelegate.swift */ = {isa = PBXFileReference; lastKnownFileType = sourcecode.swift; path = AppDelegate.swift; sourceTree = "<group>"; };
		9B0919E5273BFC8C00B9A713 /* SceneDelegate.swift */ = {isa = PBXFileReference; lastKnownFileType = sourcecode.swift; path = SceneDelegate.swift; sourceTree = "<group>"; };
		9B0919E7273BFC8C00B9A713 /* MainVC.swift */ = {isa = PBXFileReference; lastKnownFileType = sourcecode.swift; path = MainVC.swift; sourceTree = "<group>"; };
		9B0919EA273BFC8C00B9A713 /* Base */ = {isa = PBXFileReference; lastKnownFileType = file.storyboard; name = Base; path = Base.lproj/Main.storyboard; sourceTree = "<group>"; };
		9B0919EC273BFC8E00B9A713 /* Assets.xcassets */ = {isa = PBXFileReference; lastKnownFileType = folder.assetcatalog; path = Assets.xcassets; sourceTree = "<group>"; };
		9B0919EF273BFC8E00B9A713 /* Base */ = {isa = PBXFileReference; lastKnownFileType = file.storyboard; name = Base; path = Base.lproj/LaunchScreen.storyboard; sourceTree = "<group>"; };
		9B0919F1273BFC8E00B9A713 /* Info.plist */ = {isa = PBXFileReference; lastKnownFileType = text.plist.xml; path = Info.plist; sourceTree = "<group>"; };
		9B676D08273D452900C3A667 /* Model.swift */ = {isa = PBXFileReference; lastKnownFileType = sourcecode.swift; path = Model.swift; sourceTree = "<group>"; };
		9BB2991C2743DBB3003F4379 /* TabVC.swift */ = {isa = PBXFileReference; lastKnownFileType = sourcecode.swift; path = TabVC.swift; sourceTree = "<group>"; };
/* End PBXFileReference section */

/* Begin PBXFrameworksBuildPhase section */
		9B0919DD273BFC8C00B9A713 /* Frameworks */ = {
			isa = PBXFrameworksBuildPhase;
			buildActionMask = 2147483647;
			files = (
				9B5C1C4327429F870036E3EB /* RxCocoa in Frameworks */,
				9BA502ED273C1B1A000ACBF2 /* Alamofire in Frameworks */,
				9B5C1C4727429F870036E3EB /* RxSwift in Frameworks */,
				9B5C1C4527429F870036E3EB /* RxRelay in Frameworks */,
				9B5C1C4127429F870036E3EB /* RxBlocking in Frameworks */,
			);
			runOnlyForDeploymentPostprocessing = 0;
		};
/* End PBXFrameworksBuildPhase section */

/* Begin PBXGroup section */
		167AB9ED27565C2B00BCB3F8 /* Source */ = {
			isa = PBXGroup;
			children = (
				9BB2991E2743DBBD003F4379 /* Tab */,
				167AB9EE27565C6100BCB3F8 /* List */,
				9B0919E9273BFC8C00B9A713 /* Main.storyboard */,
				9B0919E7273BFC8C00B9A713 /* MainVC.swift */,
				9B676D08273D452900C3A667 /* Model.swift */,
			);
			path = Source;
			sourceTree = "<group>";
		};
		167AB9EE27565C6100BCB3F8 /* List */ = {
			isa = PBXGroup;
			children = (
				167AB9EF27565CC800BCB3F8 /* ListVC.swift */,
				167AB9F127565F6900BCB3F8 /* ListCell.swift */,
				16E3A1612757B52500A36082 /* LIstItemCell.swift */,
				1621D358275907DB009E8F86 /* ListGridView.swift */,
				1621D35A275A498B009E8F86 /* ListGridItemCell.swift */,
			);
			path = List;
			sourceTree = "<group>";
		};
		9B0919D7273BFC8C00B9A713 = {
			isa = PBXGroup;
			children = (
				9B0919E2273BFC8C00B9A713 /* TabList */,
				9B0919E1273BFC8C00B9A713 /* Products */,
			);
			sourceTree = "<group>";
		};
		9B0919E1273BFC8C00B9A713 /* Products */ = {
			isa = PBXGroup;
			children = (
				9B0919E0273BFC8C00B9A713 /* TabList.app */,
			);
			name = Products;
			sourceTree = "<group>";
		};
		9B0919E2273BFC8C00B9A713 /* TabList */ = {
			isa = PBXGroup;
			children = (
				167AB9ED27565C2B00BCB3F8 /* Source */,
				9B0919E3273BFC8C00B9A713 /* AppDelegate.swift */,
				9B0919E5273BFC8C00B9A713 /* SceneDelegate.swift */,
				9B0919EC273BFC8E00B9A713 /* Assets.xcassets */,
				9B0919EE273BFC8E00B9A713 /* LaunchScreen.storyboard */,
				9B0919F1273BFC8E00B9A713 /* Info.plist */,
			);
			path = TabList;
			sourceTree = "<group>";
		};
		9BB2991E2743DBBD003F4379 /* Tab */ = {
			isa = PBXGroup;
			children = (
				9BB2991C2743DBB3003F4379 /* TabVC.swift */,
				167AB9EB27565B2A00BCB3F8 /* TabCell.swift */,
			);
			path = Tab;
			sourceTree = "<group>";
		};
/* End PBXGroup section */

/* Begin PBXNativeTarget section */
		9B0919DF273BFC8C00B9A713 /* TabList */ = {
			isa = PBXNativeTarget;
			buildConfigurationList = 9B0919F4273BFC8E00B9A713 /* Build configuration list for PBXNativeTarget "TabList" */;
			buildPhases = (
				9B0919DC273BFC8C00B9A713 /* Sources */,
				9B0919DD273BFC8C00B9A713 /* Frameworks */,
				9B0919DE273BFC8C00B9A713 /* Resources */,
			);
			buildRules = (
			);
			dependencies = (
			);
			name = TabList;
			packageProductDependencies = (
				9BA502EC273C1B1A000ACBF2 /* Alamofire */,
				9B5C1C4027429F870036E3EB /* RxBlocking */,
				9B5C1C4227429F870036E3EB /* RxCocoa */,
				9B5C1C4427429F870036E3EB /* RxRelay */,
				9B5C1C4627429F870036E3EB /* RxSwift */,
			);
			productName = TabList;
			productReference = 9B0919E0273BFC8C00B9A713 /* TabList.app */;
			productType = "com.apple.product-type.application";
		};
/* End PBXNativeTarget section */

/* Begin PBXProject section */
		9B0919D8273BFC8C00B9A713 /* Project object */ = {
			isa = PBXProject;
			attributes = {
				BuildIndependentTargetsInParallel = 1;
				LastSwiftUpdateCheck = 1310;
				LastUpgradeCheck = 1310;
				TargetAttributes = {
					9B0919DF273BFC8C00B9A713 = {
						CreatedOnToolsVersion = 13.1;
					};
				};
			};
			buildConfigurationList = 9B0919DB273BFC8C00B9A713 /* Build configuration list for PBXProject "TabList" */;
			compatibilityVersion = "Xcode 13.0";
			developmentRegion = en;
			hasScannedForEncodings = 0;
			knownRegions = (
				en,
				Base,
			);
			mainGroup = 9B0919D7273BFC8C00B9A713;
			packageReferences = (
				9BA502EB273C1B1A000ACBF2 /* XCRemoteSwiftPackageReference "Alamofire" */,
				9B5C1C3F27429F870036E3EB /* XCRemoteSwiftPackageReference "RxSwift" */,
			);
			productRefGroup = 9B0919E1273BFC8C00B9A713 /* Products */;
			projectDirPath = "";
			projectRoot = "";
			targets = (
				9B0919DF273BFC8C00B9A713 /* TabList */,
			);
		};
/* End PBXProject section */

/* Begin PBXResourcesBuildPhase section */
		9B0919DE273BFC8C00B9A713 /* Resources */ = {
			isa = PBXResourcesBuildPhase;
			buildActionMask = 2147483647;
			files = (
				9B0919F0273BFC8E00B9A713 /* LaunchScreen.storyboard in Resources */,
				9B0919ED273BFC8E00B9A713 /* Assets.xcassets in Resources */,
				9B0919EB273BFC8C00B9A713 /* Main.storyboard in Resources */,
			);
			runOnlyForDeploymentPostprocessing = 0;
		};
/* End PBXResourcesBuildPhase section */

/* Begin PBXSourcesBuildPhase section */
		9B0919DC273BFC8C00B9A713 /* Sources */ = {
			isa = PBXSourcesBuildPhase;
			buildActionMask = 2147483647;
			files = (
				1621D35B275A498B009E8F86 /* ListGridItemCell.swift in Sources */,
				167AB9F027565CC800BCB3F8 /* ListVC.swift in Sources */,
				9BB2991D2743DBB3003F4379 /* TabVC.swift in Sources */,
				9B0919E8273BFC8C00B9A713 /* MainVC.swift in Sources */,
				16E3A1622757B52500A36082 /* LIstItemCell.swift in Sources */,
				9B0919E4273BFC8C00B9A713 /* AppDelegate.swift in Sources */,
				1621D359275907DB009E8F86 /* ListGridView.swift in Sources */,
				9B0919E6273BFC8C00B9A713 /* SceneDelegate.swift in Sources */,
				167AB9F227565F6900BCB3F8 /* ListCell.swift in Sources */,
				9B676D09273D452900C3A667 /* Model.swift in Sources */,
				167AB9EC27565B2A00BCB3F8 /* TabCell.swift in Sources */,
			);
			runOnlyForDeploymentPostprocessing = 0;
		};
/* End PBXSourcesBuildPhase section */

/* Begin PBXVariantGroup section */
		9B0919E9273BFC8C00B9A713 /* Main.storyboard */ = {
			isa = PBXVariantGroup;
			children = (
				9B0919EA273BFC8C00B9A713 /* Base */,
			);
			name = Main.storyboard;
			sourceTree = "<group>";
		};
		9B0919EE273BFC8E00B9A713 /* LaunchScreen.storyboard */ = {
			isa = PBXVariantGroup;
			children = (
				9B0919EF273BFC8E00B9A713 /* Base */,
			);
			name = LaunchScreen.storyboard;
			sourceTree = "<group>";
		};
/* End PBXVariantGroup section */

/* Begin XCBuildConfiguration section */
		9B0919F2273BFC8E00B9A713 /* Debug */ = {
			isa = XCBuildConfiguration;
			buildSettings = {
				ALWAYS_SEARCH_USER_PATHS = NO;
				CLANG_ANALYZER_NONNULL = YES;
				CLANG_ANALYZER_NUMBER_OBJECT_CONVERSION = YES_AGGRESSIVE;
				CLANG_CXX_LANGUAGE_STANDARD = "gnu++17";
				CLANG_CXX_LIBRARY = "libc++";
				CLANG_ENABLE_MODULES = YES;
				CLANG_ENABLE_OBJC_ARC = YES;
				CLANG_ENABLE_OBJC_WEAK = YES;
				CLANG_WARN_BLOCK_CAPTURE_AUTORELEASING = YES;
				CLANG_WARN_BOOL_CONVERSION = YES;
				CLANG_WARN_COMMA = YES;
				CLANG_WARN_CONSTANT_CONVERSION = YES;
				CLANG_WARN_DEPRECATED_OBJC_IMPLEMENTATIONS = YES;
				CLANG_WARN_DIRECT_OBJC_ISA_USAGE = YES_ERROR;
				CLANG_WARN_DOCUMENTATION_COMMENTS = YES;
				CLANG_WARN_EMPTY_BODY = YES;
				CLANG_WARN_ENUM_CONVERSION = YES;
				CLANG_WARN_INFINITE_RECURSION = YES;
				CLANG_WARN_INT_CONVERSION = YES;
				CLANG_WARN_NON_LITERAL_NULL_CONVERSION = YES;
				CLANG_WARN_OBJC_IMPLICIT_RETAIN_SELF = YES;
				CLANG_WARN_OBJC_LITERAL_CONVERSION = YES;
				CLANG_WARN_OBJC_ROOT_CLASS = YES_ERROR;
				CLANG_WARN_QUOTED_INCLUDE_IN_FRAMEWORK_HEADER = YES;
				CLANG_WARN_RANGE_LOOP_ANALYSIS = YES;
				CLANG_WARN_STRICT_PROTOTYPES = YES;
				CLANG_WARN_SUSPICIOUS_MOVE = YES;
				CLANG_WARN_UNGUARDED_AVAILABILITY = YES_AGGRESSIVE;
				CLANG_WARN_UNREACHABLE_CODE = YES;
				CLANG_WARN__DUPLICATE_METHOD_MATCH = YES;
				COPY_PHASE_STRIP = NO;
				DEBUG_INFORMATION_FORMAT = dwarf;
				ENABLE_STRICT_OBJC_MSGSEND = YES;
				ENABLE_TESTABILITY = YES;
				GCC_C_LANGUAGE_STANDARD = gnu11;
				GCC_DYNAMIC_NO_PIC = NO;
				GCC_NO_COMMON_BLOCKS = YES;
				GCC_OPTIMIZATION_LEVEL = 0;
				GCC_PREPROCESSOR_DEFINITIONS = (
					"DEBUG=1",
					"$(inherited)",
				);
				GCC_WARN_64_TO_32_BIT_CONVERSION = YES;
				GCC_WARN_ABOUT_RETURN_TYPE = YES_ERROR;
				GCC_WARN_UNDECLARED_SELECTOR = YES;
				GCC_WARN_UNINITIALIZED_AUTOS = YES_AGGRESSIVE;
				GCC_WARN_UNUSED_FUNCTION = YES;
				GCC_WARN_UNUSED_VARIABLE = YES;
				IPHONEOS_DEPLOYMENT_TARGET = 15.0;
				MTL_ENABLE_DEBUG_INFO = INCLUDE_SOURCE;
				MTL_FAST_MATH = YES;
				ONLY_ACTIVE_ARCH = YES;
				SDKROOT = iphoneos;
				SWIFT_ACTIVE_COMPILATION_CONDITIONS = DEBUG;
				SWIFT_OPTIMIZATION_LEVEL = "-Onone";
			};
			name = Debug;
		};
		9B0919F3273BFC8E00B9A713 /* Release */ = {
			isa = XCBuildConfiguration;
			buildSettings = {
				ALWAYS_SEARCH_USER_PATHS = NO;
				CLANG_ANALYZER_NONNULL = YES;
				CLANG_ANALYZER_NUMBER_OBJECT_CONVERSION = YES_AGGRESSIVE;
				CLANG_CXX_LANGUAGE_STANDARD = "gnu++17";
				CLANG_CXX_LIBRARY = "libc++";
				CLANG_ENABLE_MODULES = YES;
				CLANG_ENABLE_OBJC_ARC = YES;
				CLANG_ENABLE_OBJC_WEAK = YES;
				CLANG_WARN_BLOCK_CAPTURE_AUTORELEASING = YES;
				CLANG_WARN_BOOL_CONVERSION = YES;
				CLANG_WARN_COMMA = YES;
				CLANG_WARN_CONSTANT_CONVERSION = YES;
				CLANG_WARN_DEPRECATED_OBJC_IMPLEMENTATIONS = YES;
				CLANG_WARN_DIRECT_OBJC_ISA_USAGE = YES_ERROR;
				CLANG_WARN_DOCUMENTATION_COMMENTS = YES;
				CLANG_WARN_EMPTY_BODY = YES;
				CLANG_WARN_ENUM_CONVERSION = YES;
				CLANG_WARN_INFINITE_RECURSION = YES;
				CLANG_WARN_INT_CONVERSION = YES;
				CLANG_WARN_NON_LITERAL_NULL_CONVERSION = YES;
				CLANG_WARN_OBJC_IMPLICIT_RETAIN_SELF = YES;
				CLANG_WARN_OBJC_LITERAL_CONVERSION = YES;
				CLANG_WARN_OBJC_ROOT_CLASS = YES_ERROR;
				CLANG_WARN_QUOTED_INCLUDE_IN_FRAMEWORK_HEADER = YES;
				CLANG_WARN_RANGE_LOOP_ANALYSIS = YES;
				CLANG_WARN_STRICT_PROTOTYPES = YES;
				CLANG_WARN_SUSPICIOUS_MOVE = YES;
				CLANG_WARN_UNGUARDED_AVAILABILITY = YES_AGGRESSIVE;
				CLANG_WARN_UNREACHABLE_CODE = YES;
				CLANG_WARN__DUPLICATE_METHOD_MATCH = YES;
				COPY_PHASE_STRIP = NO;
				DEBUG_INFORMATION_FORMAT = "dwarf-with-dsym";
				ENABLE_NS_ASSERTIONS = NO;
				ENABLE_STRICT_OBJC_MSGSEND = YES;
				GCC_C_LANGUAGE_STANDARD = gnu11;
				GCC_NO_COMMON_BLOCKS = YES;
				GCC_WARN_64_TO_32_BIT_CONVERSION = YES;
				GCC_WARN_ABOUT_RETURN_TYPE = YES_ERROR;
				GCC_WARN_UNDECLARED_SELECTOR = YES;
				GCC_WARN_UNINITIALIZED_AUTOS = YES_AGGRESSIVE;
				GCC_WARN_UNUSED_FUNCTION = YES;
				GCC_WARN_UNUSED_VARIABLE = YES;
				IPHONEOS_DEPLOYMENT_TARGET = 15.0;
				MTL_ENABLE_DEBUG_INFO = NO;
				MTL_FAST_MATH = YES;
				SDKROOT = iphoneos;
				SWIFT_COMPILATION_MODE = wholemodule;
				SWIFT_OPTIMIZATION_LEVEL = "-O";
				VALIDATE_PRODUCT = YES;
			};
			name = Release;
		};
		9B0919F5273BFC8E00B9A713 /* Debug */ = {
			isa = XCBuildConfiguration;
			buildSettings = {
				ASSETCATALOG_COMPILER_APPICON_NAME = AppIcon;
				ASSETCATALOG_COMPILER_GLOBAL_ACCENT_COLOR_NAME = AccentColor;
				CODE_SIGN_STYLE = Automatic;
				CURRENT_PROJECT_VERSION = 1;
				DEVELOPMENT_TEAM = 9LTG6N9FJ9;
				GENERATE_INFOPLIST_FILE = YES;
				INFOPLIST_FILE = TabList/Info.plist;
				INFOPLIST_KEY_UIApplicationSupportsIndirectInputEvents = YES;
				INFOPLIST_KEY_UILaunchStoryboardName = LaunchScreen;
				INFOPLIST_KEY_UIMainStoryboardFile = Main;
				INFOPLIST_KEY_UISupportedInterfaceOrientations_iPad = "UIInterfaceOrientationPortrait UIInterfaceOrientationPortraitUpsideDown UIInterfaceOrientationLandscapeLeft UIInterfaceOrientationLandscapeRight";
				INFOPLIST_KEY_UISupportedInterfaceOrientations_iPhone = "UIInterfaceOrientationPortrait UIInterfaceOrientationLandscapeLeft UIInterfaceOrientationLandscapeRight";
				LD_RUNPATH_SEARCH_PATHS = (
					"$(inherited)",
					"@executable_path/Frameworks",
				);
				MARKETING_VERSION = 1.0;
				PRODUCT_BUNDLE_IDENTIFIER = com.feelway.app;
				PRODUCT_NAME = "$(TARGET_NAME)";
				SWIFT_EMIT_LOC_STRINGS = YES;
				SWIFT_VERSION = 5.0;
				TARGETED_DEVICE_FAMILY = "1,2";
			};
			name = Debug;
		};
		9B0919F6273BFC8E00B9A713 /* Release */ = {
			isa = XCBuildConfiguration;
			buildSettings = {
				ASSETCATALOG_COMPILER_APPICON_NAME = AppIcon;
				ASSETCATALOG_COMPILER_GLOBAL_ACCENT_COLOR_NAME = AccentColor;
				CODE_SIGN_STYLE = Automatic;
				CURRENT_PROJECT_VERSION = 1;
				DEVELOPMENT_TEAM = 9LTG6N9FJ9;
				GENERATE_INFOPLIST_FILE = YES;
				INFOPLIST_FILE = TabList/Info.plist;
				INFOPLIST_KEY_UIApplicationSupportsIndirectInputEvents = YES;
				INFOPLIST_KEY_UILaunchStoryboardName = LaunchScreen;
				INFOPLIST_KEY_UIMainStoryboardFile = Main;
				INFOPLIST_KEY_UISupportedInterfaceOrientations_iPad = "UIInterfaceOrientationPortrait UIInterfaceOrientationPortraitUpsideDown UIInterfaceOrientationLandscapeLeft UIInterfaceOrientationLandscapeRight";
				INFOPLIST_KEY_UISupportedInterfaceOrientations_iPhone = "UIInterfaceOrientationPortrait UIInterfaceOrientationLandscapeLeft UIInterfaceOrientationLandscapeRight";
				LD_RUNPATH_SEARCH_PATHS = (
					"$(inherited)",
					"@executable_path/Frameworks",
				);
				MARKETING_VERSION = 1.0;
				PRODUCT_BUNDLE_IDENTIFIER = com.feelway.app;
				PRODUCT_NAME = "$(TARGET_NAME)";
				SWIFT_EMIT_LOC_STRINGS = YES;
				SWIFT_VERSION = 5.0;
				TARGETED_DEVICE_FAMILY = "1,2";
			};
			name = Release;
		};
/* End XCBuildConfiguration section */

/* Begin XCConfigurationList section */
		9B0919DB273BFC8C00B9A713 /* Build configuration list for PBXProject "TabList" */ = {
			isa = XCConfigurationList;
			buildConfigurations = (
				9B0919F2273BFC8E00B9A713 /* Debug */,
				9B0919F3273BFC8E00B9A713 /* Release */,
			);
			defaultConfigurationIsVisible = 0;
			defaultConfigurationName = Release;
		};
		9B0919F4273BFC8E00B9A713 /* Build configuration list for PBXNativeTarget "TabList" */ = {
			isa = XCConfigurationList;
			buildConfigurations = (
				9B0919F5273BFC8E00B9A713 /* Debug */,
				9B0919F6273BFC8E00B9A713 /* Release */,
			);
			defaultConfigurationIsVisible = 0;
			defaultConfigurationName = Release;
		};
/* End XCConfigurationList section */

/* Begin XCRemoteSwiftPackageReference section */
		9B5C1C3F27429F870036E3EB /* XCRemoteSwiftPackageReference "RxSwift" */ = {
			isa = XCRemoteSwiftPackageReference;
			repositoryURL = "https://github.com/ReactiveX/RxSwift.git";
			requirement = {
				kind = upToNextMajorVersion;
				minimumVersion = 6.2.0;
			};
		};
		9BA502EB273C1B1A000ACBF2 /* XCRemoteSwiftPackageReference "Alamofire" */ = {
			isa = XCRemoteSwiftPackageReference;
			repositoryURL = "https://github.com/Alamofire/Alamofire.git";
			requirement = {
				kind = upToNextMajorVersion;
				minimumVersion = 5.4.0;
			};
		};
/* End XCRemoteSwiftPackageReference section */

/* Begin XCSwiftPackageProductDependency section */
		9B5C1C4027429F870036E3EB /* RxBlocking */ = {
			isa = XCSwiftPackageProductDependency;
			package = 9B5C1C3F27429F870036E3EB /* XCRemoteSwiftPackageReference "RxSwift" */;
			productName = RxBlocking;
		};
		9B5C1C4227429F870036E3EB /* RxCocoa */ = {
			isa = XCSwiftPackageProductDependency;
			package = 9B5C1C3F27429F870036E3EB /* XCRemoteSwiftPackageReference "RxSwift" */;
			productName = RxCocoa;
		};
		9B5C1C4427429F870036E3EB /* RxRelay */ = {
			isa = XCSwiftPackageProductDependency;
			package = 9B5C1C3F27429F870036E3EB /* XCRemoteSwiftPackageReference "RxSwift" */;
			productName = RxRelay;
		};
		9B5C1C4627429F870036E3EB /* RxSwift */ = {
			isa = XCSwiftPackageProductDependency;
			package = 9B5C1C3F27429F870036E3EB /* XCRemoteSwiftPackageReference "RxSwift" */;
			productName = RxSwift;
		};
		9BA502EC273C1B1A000ACBF2 /* Alamofire */ = {
			isa = XCSwiftPackageProductDependency;
			package = 9BA502EB273C1B1A000ACBF2 /* XCRemoteSwiftPackageReference "Alamofire" */;
			productName = Alamofire;
		};
/* End XCSwiftPackageProductDependency section */
	};
	rootObject = 9B0919D8273BFC8C00B9A713 /* Project object */;
}
